// !$*UTF8*$!
{
	archiveVersion = 1;
	classes = {
	};
	objectVersion = 56;
	objects = {

/* Begin PBXBuildFile section */
		2C24DCDB2BF8D6DC00A935B1 /* Profile.swift in Sources */ = {isa = PBXBuildFile; fileRef = 2C24DCDA2BF8D6DC00A935B1 /* Profile.swift */; };
		2C24DCDD2BF8D72E00A935B1 /* ProfileResult.swift in Sources */ = {isa = PBXBuildFile; fileRef = 2C24DCDC2BF8D72E00A935B1 /* ProfileResult.swift */; };
		2C24DCDF2BFA37F900A935B1 /* ProfileImageService.swift in Sources */ = {isa = PBXBuildFile; fileRef = 2C24DCDE2BFA37F900A935B1 /* ProfileImageService.swift */; };
		2C24DCE12BFA39A500A935B1 /* UserResult.swift in Sources */ = {isa = PBXBuildFile; fileRef = 2C24DCE02BFA39A500A935B1 /* UserResult.swift */; };
		2C24DCE32BFA3F7000A935B1 /* ProfileImage.swift in Sources */ = {isa = PBXBuildFile; fileRef = 2C24DCE22BFA3F7000A935B1 /* ProfileImage.swift */; };
		2C24DCE62BFB749100A935B1 /* Kingfisher in Frameworks */ = {isa = PBXBuildFile; productRef = 2C24DCE52BFB749100A935B1 /* Kingfisher */; };
		2C2E6CD62BD14C98001B85D6 /* SingleImageViewController.swift in Sources */ = {isa = PBXBuildFile; fileRef = 2C2E6CD52BD14C98001B85D6 /* SingleImageViewController.swift */; };
		2C3830312BDA6D3400FCC825 /* Constants.swift in Sources */ = {isa = PBXBuildFile; fileRef = 2C3830302BDA6D3400FCC825 /* Constants.swift */; };
		2C3830342BDA866300FCC825 /* AuthViewController.swift in Sources */ = {isa = PBXBuildFile; fileRef = 2C3830332BDA866300FCC825 /* AuthViewController.swift */; };
		2C3830362BDA878100FCC825 /* WebViewViewController.swift in Sources */ = {isa = PBXBuildFile; fileRef = 2C3830352BDA878100FCC825 /* WebViewViewController.swift */; };
		2C3ECC032BDBDAC0009436A6 /* OAuth2Service.swift in Sources */ = {isa = PBXBuildFile; fileRef = 2C3ECC022BDBDAC0009436A6 /* OAuth2Service.swift */; };
		2C3ECC052BE7CD07009436A6 /* URLSession+data.swift in Sources */ = {isa = PBXBuildFile; fileRef = 2C3ECC042BE7CD07009436A6 /* URLSession+data.swift */; };
		2C3ECC072BE7CE09009436A6 /* OAuthTokenResponseBody.swift in Sources */ = {isa = PBXBuildFile; fileRef = 2C3ECC062BE7CE09009436A6 /* OAuthTokenResponseBody.swift */; };
		2C3ECC092BE7CE52009436A6 /* OAuth2TokenStorage.swift in Sources */ = {isa = PBXBuildFile; fileRef = 2C3ECC082BE7CE52009436A6 /* OAuth2TokenStorage.swift */; };
		2C3ECC0C2BE7DA65009436A6 /* SplashViewController.swift in Sources */ = {isa = PBXBuildFile; fileRef = 2C3ECC0B2BE7DA65009436A6 /* SplashViewController.swift */; };
		2C5514E12BF1843800DBF58E /* UIBlockingProgressHUD.swift in Sources */ = {isa = PBXBuildFile; fileRef = 2C5514E02BF1843800DBF58E /* UIBlockingProgressHUD.swift */; };
		2C5EB02C2BBDBBD200973B4E /* ImagesListCell.swift in Sources */ = {isa = PBXBuildFile; fileRef = 2C5EB02B2BBDBBD200973B4E /* ImagesListCell.swift */; };
		2C7A79852BEF3D150068971B /* ProgressHUD in Frameworks */ = {isa = PBXBuildFile; productRef = 2C7A79842BEF3D150068971B /* ProgressHUD */; };
		2CAF79952BFC98ED00044999 /* SwiftKeychainWrapper in Frameworks */ = {isa = PBXBuildFile; productRef = 2CAF79942BFC98ED00044999 /* SwiftKeychainWrapper */; };
		2CAF79982BFCA13500044999 /* TabBarController.swift in Sources */ = {isa = PBXBuildFile; fileRef = 2CAF79972BFCA13500044999 /* TabBarController.swift */; };
		2CC33CBB2BB596A1001A12D0 /* AppDelegate.swift in Sources */ = {isa = PBXBuildFile; fileRef = 2CC33CBA2BB596A1001A12D0 /* AppDelegate.swift */; };
		2CC33CBD2BB596A1001A12D0 /* SceneDelegate.swift in Sources */ = {isa = PBXBuildFile; fileRef = 2CC33CBC2BB596A1001A12D0 /* SceneDelegate.swift */; };
		2CC33CBF2BB596A1001A12D0 /* ImagesListViewController.swift in Sources */ = {isa = PBXBuildFile; fileRef = 2CC33CBE2BB596A1001A12D0 /* ImagesListViewController.swift */; };
		2CC33CC22BB596A1001A12D0 /* Main.storyboard in Resources */ = {isa = PBXBuildFile; fileRef = 2CC33CC02BB596A1001A12D0 /* Main.storyboard */; };
		2CC33CC42BB596A4001A12D0 /* Assets.xcassets in Resources */ = {isa = PBXBuildFile; fileRef = 2CC33CC32BB596A4001A12D0 /* Assets.xcassets */; };
		2CC33CC72BB596A4001A12D0 /* LaunchScreen.storyboard in Resources */ = {isa = PBXBuildFile; fileRef = 2CC33CC52BB596A4001A12D0 /* LaunchScreen.storyboard */; };
		2CC33CD22BB596A4001A12D0 /* ImageFeedTests.swift in Sources */ = {isa = PBXBuildFile; fileRef = 2CC33CD12BB596A4001A12D0 /* ImageFeedTests.swift */; };
		2CC33CDC2BB596A4001A12D0 /* ImageFeedUITests.swift in Sources */ = {isa = PBXBuildFile; fileRef = 2CC33CDB2BB596A4001A12D0 /* ImageFeedUITests.swift */; };
		2CC33CDE2BB596A4001A12D0 /* ImageFeedUITestsLaunchTests.swift in Sources */ = {isa = PBXBuildFile; fileRef = 2CC33CDD2BB596A4001A12D0 /* ImageFeedUITestsLaunchTests.swift */; };
		2CC433662BCE8BB9004238D3 /* ProfileViewController.swift in Sources */ = {isa = PBXBuildFile; fileRef = 2CC433652BCE8BB9004238D3 /* ProfileViewController.swift */; };
		2CCC63AA2BF7C89700C19381 /* ProfileService.swift in Sources */ = {isa = PBXBuildFile; fileRef = 2CCC63A92BF7C89700C19381 /* ProfileService.swift */; };
/* End PBXBuildFile section */

/* Begin PBXContainerItemProxy section */
		2CC33CCE2BB596A4001A12D0 /* PBXContainerItemProxy */ = {
			isa = PBXContainerItemProxy;
			containerPortal = 2CC33CAF2BB596A1001A12D0 /* Project object */;
			proxyType = 1;
			remoteGlobalIDString = 2CC33CB62BB596A1001A12D0;
			remoteInfo = ImageFeed;
		};
		2CC33CD82BB596A4001A12D0 /* PBXContainerItemProxy */ = {
			isa = PBXContainerItemProxy;
			containerPortal = 2CC33CAF2BB596A1001A12D0 /* Project object */;
			proxyType = 1;
			remoteGlobalIDString = 2CC33CB62BB596A1001A12D0;
			remoteInfo = ImageFeed;
		};
/* End PBXContainerItemProxy section */

/* Begin PBXFileReference section */
		2C24DCDA2BF8D6DC00A935B1 /* Profile.swift */ = {isa = PBXFileReference; lastKnownFileType = sourcecode.swift; path = Profile.swift; sourceTree = "<group>"; };
		2C24DCDC2BF8D72E00A935B1 /* ProfileResult.swift */ = {isa = PBXFileReference; lastKnownFileType = sourcecode.swift; path = ProfileResult.swift; sourceTree = "<group>"; };
		2C24DCDE2BFA37F900A935B1 /* ProfileImageService.swift */ = {isa = PBXFileReference; lastKnownFileType = sourcecode.swift; path = ProfileImageService.swift; sourceTree = "<group>"; };
		2C24DCE02BFA39A500A935B1 /* UserResult.swift */ = {isa = PBXFileReference; lastKnownFileType = sourcecode.swift; path = UserResult.swift; sourceTree = "<group>"; };
		2C24DCE22BFA3F7000A935B1 /* ProfileImage.swift */ = {isa = PBXFileReference; lastKnownFileType = sourcecode.swift; path = ProfileImage.swift; sourceTree = "<group>"; };
		2C2E6CD52BD14C98001B85D6 /* SingleImageViewController.swift */ = {isa = PBXFileReference; lastKnownFileType = sourcecode.swift; path = SingleImageViewController.swift; sourceTree = "<group>"; };
		2C3830302BDA6D3400FCC825 /* Constants.swift */ = {isa = PBXFileReference; lastKnownFileType = sourcecode.swift; path = Constants.swift; sourceTree = "<group>"; };
		2C3830332BDA866300FCC825 /* AuthViewController.swift */ = {isa = PBXFileReference; lastKnownFileType = sourcecode.swift; path = AuthViewController.swift; sourceTree = "<group>"; };
		2C3830352BDA878100FCC825 /* WebViewViewController.swift */ = {isa = PBXFileReference; lastKnownFileType = sourcecode.swift; path = WebViewViewController.swift; sourceTree = "<group>"; };
		2C3ECC022BDBDAC0009436A6 /* OAuth2Service.swift */ = {isa = PBXFileReference; lastKnownFileType = sourcecode.swift; path = OAuth2Service.swift; sourceTree = "<group>"; };
		2C3ECC042BE7CD07009436A6 /* URLSession+data.swift */ = {isa = PBXFileReference; lastKnownFileType = sourcecode.swift; path = "URLSession+data.swift"; sourceTree = "<group>"; };
		2C3ECC062BE7CE09009436A6 /* OAuthTokenResponseBody.swift */ = {isa = PBXFileReference; lastKnownFileType = sourcecode.swift; path = OAuthTokenResponseBody.swift; sourceTree = "<group>"; };
		2C3ECC082BE7CE52009436A6 /* OAuth2TokenStorage.swift */ = {isa = PBXFileReference; lastKnownFileType = sourcecode.swift; path = OAuth2TokenStorage.swift; sourceTree = "<group>"; };
		2C3ECC0B2BE7DA65009436A6 /* SplashViewController.swift */ = {isa = PBXFileReference; lastKnownFileType = sourcecode.swift; path = SplashViewController.swift; sourceTree = "<group>"; };
		2C5514E02BF1843800DBF58E /* UIBlockingProgressHUD.swift */ = {isa = PBXFileReference; lastKnownFileType = sourcecode.swift; path = UIBlockingProgressHUD.swift; sourceTree = "<group>"; };
		2C5EB02B2BBDBBD200973B4E /* ImagesListCell.swift */ = {isa = PBXFileReference; lastKnownFileType = sourcecode.swift; path = ImagesListCell.swift; sourceTree = "<group>"; };
		2CAF79972BFCA13500044999 /* TabBarController.swift */ = {isa = PBXFileReference; lastKnownFileType = sourcecode.swift; path = TabBarController.swift; sourceTree = "<group>"; };
		2CC33CB72BB596A1001A12D0 /* ImageFeed.app */ = {isa = PBXFileReference; explicitFileType = wrapper.application; includeInIndex = 0; path = ImageFeed.app; sourceTree = BUILT_PRODUCTS_DIR; };
		2CC33CBA2BB596A1001A12D0 /* AppDelegate.swift */ = {isa = PBXFileReference; lastKnownFileType = sourcecode.swift; path = AppDelegate.swift; sourceTree = "<group>"; };
		2CC33CBC2BB596A1001A12D0 /* SceneDelegate.swift */ = {isa = PBXFileReference; lastKnownFileType = sourcecode.swift; path = SceneDelegate.swift; sourceTree = "<group>"; };
		2CC33CBE2BB596A1001A12D0 /* ImagesListViewController.swift */ = {isa = PBXFileReference; lastKnownFileType = sourcecode.swift; path = ImagesListViewController.swift; sourceTree = "<group>"; };
		2CC33CC12BB596A1001A12D0 /* Base */ = {isa = PBXFileReference; lastKnownFileType = file.storyboard; name = Base; path = Base.lproj/Main.storyboard; sourceTree = "<group>"; };
		2CC33CC32BB596A4001A12D0 /* Assets.xcassets */ = {isa = PBXFileReference; lastKnownFileType = folder.assetcatalog; path = Assets.xcassets; sourceTree = "<group>"; };
		2CC33CC62BB596A4001A12D0 /* Base */ = {isa = PBXFileReference; lastKnownFileType = file.storyboard; name = Base; path = Base.lproj/LaunchScreen.storyboard; sourceTree = "<group>"; };
		2CC33CC82BB596A4001A12D0 /* Info.plist */ = {isa = PBXFileReference; lastKnownFileType = text.plist.xml; path = Info.plist; sourceTree = "<group>"; };
		2CC33CCD2BB596A4001A12D0 /* ImageFeedTests.xctest */ = {isa = PBXFileReference; explicitFileType = wrapper.cfbundle; includeInIndex = 0; path = ImageFeedTests.xctest; sourceTree = BUILT_PRODUCTS_DIR; };
		2CC33CD12BB596A4001A12D0 /* ImageFeedTests.swift */ = {isa = PBXFileReference; lastKnownFileType = sourcecode.swift; path = ImageFeedTests.swift; sourceTree = "<group>"; };
		2CC33CD72BB596A4001A12D0 /* ImageFeedUITests.xctest */ = {isa = PBXFileReference; explicitFileType = wrapper.cfbundle; includeInIndex = 0; path = ImageFeedUITests.xctest; sourceTree = BUILT_PRODUCTS_DIR; };
		2CC33CDB2BB596A4001A12D0 /* ImageFeedUITests.swift */ = {isa = PBXFileReference; lastKnownFileType = sourcecode.swift; path = ImageFeedUITests.swift; sourceTree = "<group>"; };
		2CC33CDD2BB596A4001A12D0 /* ImageFeedUITestsLaunchTests.swift */ = {isa = PBXFileReference; lastKnownFileType = sourcecode.swift; path = ImageFeedUITestsLaunchTests.swift; sourceTree = "<group>"; };
		2CC433652BCE8BB9004238D3 /* ProfileViewController.swift */ = {isa = PBXFileReference; lastKnownFileType = sourcecode.swift; path = ProfileViewController.swift; sourceTree = "<group>"; };
		2CCC63A92BF7C89700C19381 /* ProfileService.swift */ = {isa = PBXFileReference; lastKnownFileType = sourcecode.swift; path = ProfileService.swift; sourceTree = "<group>"; };
/* End PBXFileReference section */

/* Begin PBXFrameworksBuildPhase section */
		2CC33CB42BB596A1001A12D0 /* Frameworks */ = {
			isa = PBXFrameworksBuildPhase;
			buildActionMask = 2147483647;
			files = (
				2C24DCE62BFB749100A935B1 /* Kingfisher in Frameworks */,
				2C7A79852BEF3D150068971B /* ProgressHUD in Frameworks */,
				2CAF79952BFC98ED00044999 /* SwiftKeychainWrapper in Frameworks */,
			);
			runOnlyForDeploymentPostprocessing = 0;
		};
		2CC33CCA2BB596A4001A12D0 /* Frameworks */ = {
			isa = PBXFrameworksBuildPhase;
			buildActionMask = 2147483647;
			files = (
			);
			runOnlyForDeploymentPostprocessing = 0;
		};
		2CC33CD42BB596A4001A12D0 /* Frameworks */ = {
			isa = PBXFrameworksBuildPhase;
			buildActionMask = 2147483647;
			files = (
			);
			runOnlyForDeploymentPostprocessing = 0;
		};
/* End PBXFrameworksBuildPhase section */

/* Begin PBXGroup section */
		2C24DCD92BF8D6C500A935B1 /* Models */ = {
			isa = PBXGroup;
			children = (
				2C24DCDA2BF8D6DC00A935B1 /* Profile.swift */,
				2C24DCDC2BF8D72E00A935B1 /* ProfileResult.swift */,
				2C24DCE02BFA39A500A935B1 /* UserResult.swift */,
				2C24DCE22BFA3F7000A935B1 /* ProfileImage.swift */,
			);
			path = Models;
			sourceTree = "<group>";
		};
		2C2E6CD42BD14C6A001B85D6 /* SingleImage */ = {
			isa = PBXGroup;
			children = (
				2C2E6CD52BD14C98001B85D6 /* SingleImageViewController.swift */,
			);
			path = SingleImage;
			sourceTree = "<group>";
		};
		2C3830322BDA864500FCC825 /* Auth */ = {
			isa = PBXGroup;
			children = (
				2C3830332BDA866300FCC825 /* AuthViewController.swift */,
				2C3830352BDA878100FCC825 /* WebViewViewController.swift */,
			);
			path = Auth;
			sourceTree = "<group>";
		};
		2C3ECC012BDBDAA3009436A6 /* Services */ = {
			isa = PBXGroup;
			children = (
				2C3ECC022BDBDAC0009436A6 /* OAuth2Service.swift */,
				2C3ECC042BE7CD07009436A6 /* URLSession+data.swift */,
				2C3ECC062BE7CE09009436A6 /* OAuthTokenResponseBody.swift */,
				2C3ECC082BE7CE52009436A6 /* OAuth2TokenStorage.swift */,
				2C5514E02BF1843800DBF58E /* UIBlockingProgressHUD.swift */,
			);
			path = Services;
			sourceTree = "<group>";
		};
		2C3ECC0A2BE7DA3F009436A6 /* SplashViewController */ = {
			isa = PBXGroup;
			children = (
				2C3ECC0B2BE7DA65009436A6 /* SplashViewController.swift */,
			);
			path = SplashViewController;
			sourceTree = "<group>";
		};
		2C5EB02D2BBDBC6D00973B4E /* ImagesList */ = {
			isa = PBXGroup;
			children = (
				2CC33CBE2BB596A1001A12D0 /* ImagesListViewController.swift */,
				2C5EB02B2BBDBBD200973B4E /* ImagesListCell.swift */,
			);
			path = ImagesList;
			sourceTree = "<group>";
		};
		2CAF79962BFCA11C00044999 /* TabBar */ = {
			isa = PBXGroup;
			children = (
				2CAF79972BFCA13500044999 /* TabBarController.swift */,
			);
			path = TabBar;
			sourceTree = "<group>";
		};
		2CC33CAE2BB596A1001A12D0 = {
			isa = PBXGroup;
			children = (
				2CAF79962BFCA11C00044999 /* TabBar */,
				2C24DCD92BF8D6C500A935B1 /* Models */,
				2C3ECC0A2BE7DA3F009436A6 /* SplashViewController */,
				2C3ECC012BDBDAA3009436A6 /* Services */,
				2C3830322BDA864500FCC825 /* Auth */,
				2C2E6CD42BD14C6A001B85D6 /* SingleImage */,
				2CC433642BCE8B91004238D3 /* Profile */,
				2C5EB02D2BBDBC6D00973B4E /* ImagesList */,
				2CC33CB92BB596A1001A12D0 /* ImageFeed */,
				2CC33CD02BB596A4001A12D0 /* ImageFeedTests */,
				2CC33CDA2BB596A4001A12D0 /* ImageFeedUITests */,
				2CC33CB82BB596A1001A12D0 /* Products */,
			);
			sourceTree = "<group>";
		};
		2CC33CB82BB596A1001A12D0 /* Products */ = {
			isa = PBXGroup;
			children = (
				2CC33CB72BB596A1001A12D0 /* ImageFeed.app */,
				2CC33CCD2BB596A4001A12D0 /* ImageFeedTests.xctest */,
				2CC33CD72BB596A4001A12D0 /* ImageFeedUITests.xctest */,
			);
			name = Products;
			sourceTree = "<group>";
		};
		2CC33CB92BB596A1001A12D0 /* ImageFeed */ = {
			isa = PBXGroup;
			children = (
				2CC33CBA2BB596A1001A12D0 /* AppDelegate.swift */,
				2CC33CBC2BB596A1001A12D0 /* SceneDelegate.swift */,
				2CC33CC02BB596A1001A12D0 /* Main.storyboard */,
				2CC33CC32BB596A4001A12D0 /* Assets.xcassets */,
				2CC33CC52BB596A4001A12D0 /* LaunchScreen.storyboard */,
				2CC33CC82BB596A4001A12D0 /* Info.plist */,
				2C3830302BDA6D3400FCC825 /* Constants.swift */,
			);
			path = ImageFeed;
			sourceTree = "<group>";
		};
		2CC33CD02BB596A4001A12D0 /* ImageFeedTests */ = {
			isa = PBXGroup;
			children = (
				2CC33CD12BB596A4001A12D0 /* ImageFeedTests.swift */,
			);
			path = ImageFeedTests;
			sourceTree = "<group>";
		};
		2CC33CDA2BB596A4001A12D0 /* ImageFeedUITests */ = {
			isa = PBXGroup;
			children = (
				2CC33CDB2BB596A4001A12D0 /* ImageFeedUITests.swift */,
				2CC33CDD2BB596A4001A12D0 /* ImageFeedUITestsLaunchTests.swift */,
			);
			path = ImageFeedUITests;
			sourceTree = "<group>";
		};
		2CC433642BCE8B91004238D3 /* Profile */ = {
			isa = PBXGroup;
			children = (
				2CCC63A92BF7C89700C19381 /* ProfileService.swift */,
				2CC433652BCE8BB9004238D3 /* ProfileViewController.swift */,
				2C24DCDE2BFA37F900A935B1 /* ProfileImageService.swift */,
			);
			path = Profile;
			sourceTree = "<group>";
		};
/* End PBXGroup section */

/* Begin PBXNativeTarget section */
		2CC33CB62BB596A1001A12D0 /* ImageFeed */ = {
			isa = PBXNativeTarget;
			buildConfigurationList = 2CC33CE12BB596A4001A12D0 /* Build configuration list for PBXNativeTarget "ImageFeed" */;
			buildPhases = (
				2CC33CB32BB596A1001A12D0 /* Sources */,
				2CC33CB42BB596A1001A12D0 /* Frameworks */,
				2CC33CB52BB596A1001A12D0 /* Resources */,
			);
			buildRules = (
			);
			dependencies = (
			);
			name = ImageFeed;
			packageProductDependencies = (
				2C7A79842BEF3D150068971B /* ProgressHUD */,
				2C24DCE52BFB749100A935B1 /* Kingfisher */,
				2CAF79942BFC98ED00044999 /* SwiftKeychainWrapper */,
			);
			productName = ImageFeed;
			productReference = 2CC33CB72BB596A1001A12D0 /* ImageFeed.app */;
			productType = "com.apple.product-type.application";
		};
		2CC33CCC2BB596A4001A12D0 /* ImageFeedTests */ = {
			isa = PBXNativeTarget;
			buildConfigurationList = 2CC33CE42BB596A4001A12D0 /* Build configuration list for PBXNativeTarget "ImageFeedTests" */;
			buildPhases = (
				2CC33CC92BB596A4001A12D0 /* Sources */,
				2CC33CCA2BB596A4001A12D0 /* Frameworks */,
				2CC33CCB2BB596A4001A12D0 /* Resources */,
			);
			buildRules = (
			);
			dependencies = (
				2CC33CCF2BB596A4001A12D0 /* PBXTargetDependency */,
			);
			name = ImageFeedTests;
			productName = ImageFeedTests;
			productReference = 2CC33CCD2BB596A4001A12D0 /* ImageFeedTests.xctest */;
			productType = "com.apple.product-type.bundle.unit-test";
		};
		2CC33CD62BB596A4001A12D0 /* ImageFeedUITests */ = {
			isa = PBXNativeTarget;
			buildConfigurationList = 2CC33CE72BB596A4001A12D0 /* Build configuration list for PBXNativeTarget "ImageFeedUITests" */;
			buildPhases = (
				2CC33CD32BB596A4001A12D0 /* Sources */,
				2CC33CD42BB596A4001A12D0 /* Frameworks */,
				2CC33CD52BB596A4001A12D0 /* Resources */,
			);
			buildRules = (
			);
			dependencies = (
				2CC33CD92BB596A4001A12D0 /* PBXTargetDependency */,
			);
			name = ImageFeedUITests;
			productName = ImageFeedUITests;
			productReference = 2CC33CD72BB596A4001A12D0 /* ImageFeedUITests.xctest */;
			productType = "com.apple.product-type.bundle.ui-testing";
		};
/* End PBXNativeTarget section */

/* Begin PBXProject section */
		2CC33CAF2BB596A1001A12D0 /* Project object */ = {
			isa = PBXProject;
			attributes = {
				BuildIndependentTargetsInParallel = 1;
				LastSwiftUpdateCheck = 1520;
				LastUpgradeCheck = 1520;
				TargetAttributes = {
					2CC33CB62BB596A1001A12D0 = {
						CreatedOnToolsVersion = 15.2;
					};
					2CC33CCC2BB596A4001A12D0 = {
						CreatedOnToolsVersion = 15.2;
						TestTargetID = 2CC33CB62BB596A1001A12D0;
					};
					2CC33CD62BB596A4001A12D0 = {
						CreatedOnToolsVersion = 15.2;
						TestTargetID = 2CC33CB62BB596A1001A12D0;
					};
				};
			};
			buildConfigurationList = 2CC33CB22BB596A1001A12D0 /* Build configuration list for PBXProject "ImageFeed" */;
			compatibilityVersion = "Xcode 14.0";
			developmentRegion = en;
			hasScannedForEncodings = 0;
			knownRegions = (
				en,
				Base,
			);
			mainGroup = 2CC33CAE2BB596A1001A12D0;
			packageReferences = (
				2C7A79832BEF3D150068971B /* XCRemoteSwiftPackageReference "ProgressHUD" */,
				2C24DCE42BFB749100A935B1 /* XCRemoteSwiftPackageReference "Kingfisher" */,
				2CAF79932BFC98ED00044999 /* XCRemoteSwiftPackageReference "SwiftKeychainWrapper" */,
			);
			productRefGroup = 2CC33CB82BB596A1001A12D0 /* Products */;
			projectDirPath = "";
			projectRoot = "";
			targets = (
				2CC33CB62BB596A1001A12D0 /* ImageFeed */,
				2CC33CCC2BB596A4001A12D0 /* ImageFeedTests */,
				2CC33CD62BB596A4001A12D0 /* ImageFeedUITests */,
			);
		};
/* End PBXProject section */

/* Begin PBXResourcesBuildPhase section */
		2CC33CB52BB596A1001A12D0 /* Resources */ = {
			isa = PBXResourcesBuildPhase;
			buildActionMask = 2147483647;
			files = (
				2CC33CC72BB596A4001A12D0 /* LaunchScreen.storyboard in Resources */,
				2CC33CC42BB596A4001A12D0 /* Assets.xcassets in Resources */,
				2CC33CC22BB596A1001A12D0 /* Main.storyboard in Resources */,
			);
			runOnlyForDeploymentPostprocessing = 0;
		};
		2CC33CCB2BB596A4001A12D0 /* Resources */ = {
			isa = PBXResourcesBuildPhase;
			buildActionMask = 2147483647;
			files = (
			);
			runOnlyForDeploymentPostprocessing = 0;
		};
		2CC33CD52BB596A4001A12D0 /* Resources */ = {
			isa = PBXResourcesBuildPhase;
			buildActionMask = 2147483647;
			files = (
			);
			runOnlyForDeploymentPostprocessing = 0;
		};
/* End PBXResourcesBuildPhase section */

/* Begin PBXSourcesBuildPhase section */
		2CC33CB32BB596A1001A12D0 /* Sources */ = {
			isa = PBXSourcesBuildPhase;
			buildActionMask = 2147483647;
			files = (
				2C24DCDB2BF8D6DC00A935B1 /* Profile.swift in Sources */,
				2CC33CBF2BB596A1001A12D0 /* ImagesListViewController.swift in Sources */,
				2CCC63AA2BF7C89700C19381 /* ProfileService.swift in Sources */,
				2C5EB02C2BBDBBD200973B4E /* ImagesListCell.swift in Sources */,
				2C3ECC072BE7CE09009436A6 /* OAuthTokenResponseBody.swift in Sources */,
				2CC433662BCE8BB9004238D3 /* ProfileViewController.swift in Sources */,
				2CC33CBB2BB596A1001A12D0 /* AppDelegate.swift in Sources */,
				2C3ECC0C2BE7DA65009436A6 /* SplashViewController.swift in Sources */,
				2C3830342BDA866300FCC825 /* AuthViewController.swift in Sources */,
				2C3830312BDA6D3400FCC825 /* Constants.swift in Sources */,
				2C5514E12BF1843800DBF58E /* UIBlockingProgressHUD.swift in Sources */,
				2C24DCDF2BFA37F900A935B1 /* ProfileImageService.swift in Sources */,
				2C2E6CD62BD14C98001B85D6 /* SingleImageViewController.swift in Sources */,
				2CAF79982BFCA13500044999 /* TabBarController.swift in Sources */,
				2C24DCE12BFA39A500A935B1 /* UserResult.swift in Sources */,
				2C3ECC052BE7CD07009436A6 /* URLSession+data.swift in Sources */,
				2C3830362BDA878100FCC825 /* WebViewViewController.swift in Sources */,
				2C24DCE32BFA3F7000A935B1 /* ProfileImage.swift in Sources */,
				2C3ECC032BDBDAC0009436A6 /* OAuth2Service.swift in Sources */,
				2C3ECC092BE7CE52009436A6 /* OAuth2TokenStorage.swift in Sources */,
				2C24DCDD2BF8D72E00A935B1 /* ProfileResult.swift in Sources */,
				2CC33CBD2BB596A1001A12D0 /* SceneDelegate.swift in Sources */,
			);
			runOnlyForDeploymentPostprocessing = 0;
		};
		2CC33CC92BB596A4001A12D0 /* Sources */ = {
			isa = PBXSourcesBuildPhase;
			buildActionMask = 2147483647;
			files = (
				2CC33CD22BB596A4001A12D0 /* ImageFeedTests.swift in Sources */,
			);
			runOnlyForDeploymentPostprocessing = 0;
		};
		2CC33CD32BB596A4001A12D0 /* Sources */ = {
			isa = PBXSourcesBuildPhase;
			buildActionMask = 2147483647;
			files = (
				2CC33CDE2BB596A4001A12D0 /* ImageFeedUITestsLaunchTests.swift in Sources */,
				2CC33CDC2BB596A4001A12D0 /* ImageFeedUITests.swift in Sources */,
			);
			runOnlyForDeploymentPostprocessing = 0;
		};
/* End PBXSourcesBuildPhase section */

/* Begin PBXTargetDependency section */
		2CC33CCF2BB596A4001A12D0 /* PBXTargetDependency */ = {
			isa = PBXTargetDependency;
			target = 2CC33CB62BB596A1001A12D0 /* ImageFeed */;
			targetProxy = 2CC33CCE2BB596A4001A12D0 /* PBXContainerItemProxy */;
		};
		2CC33CD92BB596A4001A12D0 /* PBXTargetDependency */ = {
			isa = PBXTargetDependency;
			target = 2CC33CB62BB596A1001A12D0 /* ImageFeed */;
			targetProxy = 2CC33CD82BB596A4001A12D0 /* PBXContainerItemProxy */;
		};
/* End PBXTargetDependency section */

/* Begin PBXVariantGroup section */
		2CC33CC02BB596A1001A12D0 /* Main.storyboard */ = {
			isa = PBXVariantGroup;
			children = (
				2CC33CC12BB596A1001A12D0 /* Base */,
			);
			name = Main.storyboard;
			sourceTree = "<group>";
		};
		2CC33CC52BB596A4001A12D0 /* LaunchScreen.storyboard */ = {
			isa = PBXVariantGroup;
			children = (
				2CC33CC62BB596A4001A12D0 /* Base */,
			);
			name = LaunchScreen.storyboard;
			sourceTree = "<group>";
		};
/* End PBXVariantGroup section */

/* Begin XCBuildConfiguration section */
		2CC33CDF2BB596A4001A12D0 /* Debug */ = {
			isa = XCBuildConfiguration;
			buildSettings = {
				ALWAYS_SEARCH_USER_PATHS = NO;
				ASSETCATALOG_COMPILER_GENERATE_SWIFT_ASSET_SYMBOL_EXTENSIONS = YES;
				CLANG_ANALYZER_NONNULL = YES;
				CLANG_ANALYZER_NUMBER_OBJECT_CONVERSION = YES_AGGRESSIVE;
				CLANG_CXX_LANGUAGE_STANDARD = "gnu++20";
				CLANG_ENABLE_MODULES = YES;
				CLANG_ENABLE_OBJC_ARC = YES;
				CLANG_ENABLE_OBJC_WEAK = YES;
				CLANG_WARN_BLOCK_CAPTURE_AUTORELEASING = YES;
				CLANG_WARN_BOOL_CONVERSION = YES;
				CLANG_WARN_COMMA = YES;
				CLANG_WARN_CONSTANT_CONVERSION = YES;
				CLANG_WARN_DEPRECATED_OBJC_IMPLEMENTATIONS = YES;
				CLANG_WARN_DIRECT_OBJC_ISA_USAGE = YES_ERROR;
				CLANG_WARN_DOCUMENTATION_COMMENTS = YES;
				CLANG_WARN_EMPTY_BODY = YES;
				CLANG_WARN_ENUM_CONVERSION = YES;
				CLANG_WARN_INFINITE_RECURSION = YES;
				CLANG_WARN_INT_CONVERSION = YES;
				CLANG_WARN_NON_LITERAL_NULL_CONVERSION = YES;
				CLANG_WARN_OBJC_IMPLICIT_RETAIN_SELF = YES;
				CLANG_WARN_OBJC_LITERAL_CONVERSION = YES;
				CLANG_WARN_OBJC_ROOT_CLASS = YES_ERROR;
				CLANG_WARN_QUOTED_INCLUDE_IN_FRAMEWORK_HEADER = YES;
				CLANG_WARN_RANGE_LOOP_ANALYSIS = YES;
				CLANG_WARN_STRICT_PROTOTYPES = YES;
				CLANG_WARN_SUSPICIOUS_MOVE = YES;
				CLANG_WARN_UNGUARDED_AVAILABILITY = YES_AGGRESSIVE;
				CLANG_WARN_UNREACHABLE_CODE = YES;
				CLANG_WARN__DUPLICATE_METHOD_MATCH = YES;
				COPY_PHASE_STRIP = NO;
				DEBUG_INFORMATION_FORMAT = dwarf;
				ENABLE_STRICT_OBJC_MSGSEND = YES;
				ENABLE_TESTABILITY = YES;
				ENABLE_USER_SCRIPT_SANDBOXING = YES;
				GCC_C_LANGUAGE_STANDARD = gnu17;
				GCC_DYNAMIC_NO_PIC = NO;
				GCC_NO_COMMON_BLOCKS = YES;
				GCC_OPTIMIZATION_LEVEL = 0;
				GCC_PREPROCESSOR_DEFINITIONS = (
					"DEBUG=1",
					"$(inherited)",
				);
				GCC_WARN_64_TO_32_BIT_CONVERSION = YES;
				GCC_WARN_ABOUT_RETURN_TYPE = YES_ERROR;
				GCC_WARN_UNDECLARED_SELECTOR = YES;
				GCC_WARN_UNINITIALIZED_AUTOS = YES_AGGRESSIVE;
				GCC_WARN_UNUSED_FUNCTION = YES;
				GCC_WARN_UNUSED_VARIABLE = YES;
				IPHONEOS_DEPLOYMENT_TARGET = 17.2;
				LOCALIZATION_PREFERS_STRING_CATALOGS = YES;
				MTL_ENABLE_DEBUG_INFO = INCLUDE_SOURCE;
				MTL_FAST_MATH = YES;
				ONLY_ACTIVE_ARCH = YES;
				SDKROOT = iphoneos;
				SWIFT_ACTIVE_COMPILATION_CONDITIONS = "DEBUG $(inherited)";
				SWIFT_OPTIMIZATION_LEVEL = "-Onone";
			};
			name = Debug;
		};
		2CC33CE02BB596A4001A12D0 /* Release */ = {
			isa = XCBuildConfiguration;
			buildSettings = {
				ALWAYS_SEARCH_USER_PATHS = NO;
				ASSETCATALOG_COMPILER_GENERATE_SWIFT_ASSET_SYMBOL_EXTENSIONS = YES;
				CLANG_ANALYZER_NONNULL = YES;
				CLANG_ANALYZER_NUMBER_OBJECT_CONVERSION = YES_AGGRESSIVE;
				CLANG_CXX_LANGUAGE_STANDARD = "gnu++20";
				CLANG_ENABLE_MODULES = YES;
				CLANG_ENABLE_OBJC_ARC = YES;
				CLANG_ENABLE_OBJC_WEAK = YES;
				CLANG_WARN_BLOCK_CAPTURE_AUTORELEASING = YES;
				CLANG_WARN_BOOL_CONVERSION = YES;
				CLANG_WARN_COMMA = YES;
				CLANG_WARN_CONSTANT_CONVERSION = YES;
				CLANG_WARN_DEPRECATED_OBJC_IMPLEMENTATIONS = YES;
				CLANG_WARN_DIRECT_OBJC_ISA_USAGE = YES_ERROR;
				CLANG_WARN_DOCUMENTATION_COMMENTS = YES;
				CLANG_WARN_EMPTY_BODY = YES;
				CLANG_WARN_ENUM_CONVERSION = YES;
				CLANG_WARN_INFINITE_RECURSION = YES;
				CLANG_WARN_INT_CONVERSION = YES;
				CLANG_WARN_NON_LITERAL_NULL_CONVERSION = YES;
				CLANG_WARN_OBJC_IMPLICIT_RETAIN_SELF = YES;
				CLANG_WARN_OBJC_LITERAL_CONVERSION = YES;
				CLANG_WARN_OBJC_ROOT_CLASS = YES_ERROR;
				CLANG_WARN_QUOTED_INCLUDE_IN_FRAMEWORK_HEADER = YES;
				CLANG_WARN_RANGE_LOOP_ANALYSIS = YES;
				CLANG_WARN_STRICT_PROTOTYPES = YES;
				CLANG_WARN_SUSPICIOUS_MOVE = YES;
				CLANG_WARN_UNGUARDED_AVAILABILITY = YES_AGGRESSIVE;
				CLANG_WARN_UNREACHABLE_CODE = YES;
				CLANG_WARN__DUPLICATE_METHOD_MATCH = YES;
				COPY_PHASE_STRIP = NO;
				DEBUG_INFORMATION_FORMAT = "dwarf-with-dsym";
				ENABLE_NS_ASSERTIONS = NO;
				ENABLE_STRICT_OBJC_MSGSEND = YES;
				ENABLE_USER_SCRIPT_SANDBOXING = YES;
				GCC_C_LANGUAGE_STANDARD = gnu17;
				GCC_NO_COMMON_BLOCKS = YES;
				GCC_WARN_64_TO_32_BIT_CONVERSION = YES;
				GCC_WARN_ABOUT_RETURN_TYPE = YES_ERROR;
				GCC_WARN_UNDECLARED_SELECTOR = YES;
				GCC_WARN_UNINITIALIZED_AUTOS = YES_AGGRESSIVE;
				GCC_WARN_UNUSED_FUNCTION = YES;
				GCC_WARN_UNUSED_VARIABLE = YES;
				IPHONEOS_DEPLOYMENT_TARGET = 17.2;
				LOCALIZATION_PREFERS_STRING_CATALOGS = YES;
				MTL_ENABLE_DEBUG_INFO = NO;
				MTL_FAST_MATH = YES;
				SDKROOT = iphoneos;
				SWIFT_COMPILATION_MODE = wholemodule;
				VALIDATE_PRODUCT = YES;
			};
			name = Release;
		};
		2CC33CE22BB596A4001A12D0 /* Debug */ = {
			isa = XCBuildConfiguration;
			buildSettings = {
				ASSETCATALOG_COMPILER_APPICON_NAME = AppIcon;
				ASSETCATALOG_COMPILER_GLOBAL_ACCENT_COLOR_NAME = AccentColor;
				CODE_SIGN_STYLE = Automatic;
				CURRENT_PROJECT_VERSION = 1;
				DEVELOPMENT_TEAM = N374TQ32QB;
				GENERATE_INFOPLIST_FILE = YES;
				INFOPLIST_FILE = ImageFeed/Info.plist;
				INFOPLIST_KEY_UIApplicationSupportsIndirectInputEvents = YES;
				INFOPLIST_KEY_UILaunchStoryboardName = LaunchScreen;
				INFOPLIST_KEY_UIMainStoryboardFile = Main;
				INFOPLIST_KEY_UISupportedInterfaceOrientations = UIInterfaceOrientationPortrait;
				INFOPLIST_KEY_UISupportedInterfaceOrientations_iPad = "";
				INFOPLIST_KEY_UISupportedInterfaceOrientations_iPhone = UIInterfaceOrientationPortrait;
				IPHONEOS_DEPLOYMENT_TARGET = 13.0;
				LD_RUNPATH_SEARCH_PATHS = (
					"$(inherited)",
					"@executable_path/Frameworks",
				);
				MARKETING_VERSION = 1.0;
				PRODUCT_BUNDLE_IDENTIFIER = ru.ivan530i.ImageFeed;
				PRODUCT_NAME = "$(TARGET_NAME)";
				SUPPORTED_PLATFORMS = "iphoneos iphonesimulator";
				SUPPORTS_MACCATALYST = NO;
				SUPPORTS_MAC_DESIGNED_FOR_IPHONE_IPAD = NO;
				SUPPORTS_XR_DESIGNED_FOR_IPHONE_IPAD = NO;
				SWIFT_EMIT_LOC_STRINGS = YES;
				SWIFT_VERSION = 5.0;
				TARGETED_DEVICE_FAMILY = 1;
			};
			name = Debug;
		};
		2CC33CE32BB596A4001A12D0 /* Release */ = {
			isa = XCBuildConfiguration;
			buildSettings = {
				ASSETCATALOG_COMPILER_APPICON_NAME = AppIcon;
				ASSETCATALOG_COMPILER_GLOBAL_ACCENT_COLOR_NAME = AccentColor;
				CODE_SIGN_STYLE = Automatic;
				CURRENT_PROJECT_VERSION = 1;
				DEVELOPMENT_TEAM = N374TQ32QB;
				GENERATE_INFOPLIST_FILE = YES;
				INFOPLIST_FILE = ImageFeed/Info.plist;
				INFOPLIST_KEY_UIApplicationSupportsIndirectInputEvents = YES;
				INFOPLIST_KEY_UILaunchStoryboardName = LaunchScreen;
				INFOPLIST_KEY_UIMainStoryboardFile = Main;
				INFOPLIST_KEY_UISupportedInterfaceOrientations = UIInterfaceOrientationPortrait;
				INFOPLIST_KEY_UISupportedInterfaceOrientations_iPad = "";
				INFOPLIST_KEY_UISupportedInterfaceOrientations_iPhone = UIInterfaceOrientationPortrait;
				IPHONEOS_DEPLOYMENT_TARGET = 13.0;
				LD_RUNPATH_SEARCH_PATHS = (
					"$(inherited)",
					"@executable_path/Frameworks",
				);
				MARKETING_VERSION = 1.0;
				PRODUCT_BUNDLE_IDENTIFIER = ru.ivan530i.ImageFeed;
				PRODUCT_NAME = "$(TARGET_NAME)";
				SUPPORTED_PLATFORMS = "iphoneos iphonesimulator";
				SUPPORTS_MACCATALYST = NO;
				SUPPORTS_MAC_DESIGNED_FOR_IPHONE_IPAD = NO;
				SUPPORTS_XR_DESIGNED_FOR_IPHONE_IPAD = NO;
				SWIFT_EMIT_LOC_STRINGS = YES;
				SWIFT_VERSION = 5.0;
				TARGETED_DEVICE_FAMILY = 1;
			};
			name = Release;
		};
		2CC33CE52BB596A4001A12D0 /* Debug */ = {
			isa = XCBuildConfiguration;
			buildSettings = {
				ALWAYS_EMBED_SWIFT_STANDARD_LIBRARIES = YES;
				BUNDLE_LOADER = "$(TEST_HOST)";
				CODE_SIGN_STYLE = Automatic;
				CURRENT_PROJECT_VERSION = 1;
				DEVELOPMENT_TEAM = N374TQ32QB;
				GENERATE_INFOPLIST_FILE = YES;
				IPHONEOS_DEPLOYMENT_TARGET = 17.2;
				MARKETING_VERSION = 1.0;
				PRODUCT_BUNDLE_IDENTIFIER = ru.ivan530i.ImageFeedTests;
				PRODUCT_NAME = "$(TARGET_NAME)";
				SWIFT_EMIT_LOC_STRINGS = NO;
				SWIFT_VERSION = 5.0;
				TARGETED_DEVICE_FAMILY = "1,2";
				TEST_HOST = "$(BUILT_PRODUCTS_DIR)/ImageFeed.app/$(BUNDLE_EXECUTABLE_FOLDER_PATH)/ImageFeed";
			};
			name = Debug;
		};
		2CC33CE62BB596A4001A12D0 /* Release */ = {
			isa = XCBuildConfiguration;
			buildSettings = {
				ALWAYS_EMBED_SWIFT_STANDARD_LIBRARIES = YES;
				BUNDLE_LOADER = "$(TEST_HOST)";
				CODE_SIGN_STYLE = Automatic;
				CURRENT_PROJECT_VERSION = 1;
				DEVELOPMENT_TEAM = N374TQ32QB;
				GENERATE_INFOPLIST_FILE = YES;
				IPHONEOS_DEPLOYMENT_TARGET = 17.2;
				MARKETING_VERSION = 1.0;
				PRODUCT_BUNDLE_IDENTIFIER = ru.ivan530i.ImageFeedTests;
				PRODUCT_NAME = "$(TARGET_NAME)";
				SWIFT_EMIT_LOC_STRINGS = NO;
				SWIFT_VERSION = 5.0;
				TARGETED_DEVICE_FAMILY = "1,2";
				TEST_HOST = "$(BUILT_PRODUCTS_DIR)/ImageFeed.app/$(BUNDLE_EXECUTABLE_FOLDER_PATH)/ImageFeed";
			};
			name = Release;
		};
		2CC33CE82BB596A4001A12D0 /* Debug */ = {
			isa = XCBuildConfiguration;
			buildSettings = {
				ALWAYS_EMBED_SWIFT_STANDARD_LIBRARIES = YES;
				CODE_SIGN_STYLE = Automatic;
				CURRENT_PROJECT_VERSION = 1;
				DEVELOPMENT_TEAM = N374TQ32QB;
				GENERATE_INFOPLIST_FILE = YES;
				MARKETING_VERSION = 1.0;
				PRODUCT_BUNDLE_IDENTIFIER = ru.ivan530i.ImageFeedUITests;
				PRODUCT_NAME = "$(TARGET_NAME)";
				SWIFT_EMIT_LOC_STRINGS = NO;
				SWIFT_VERSION = 5.0;
				TARGETED_DEVICE_FAMILY = "1,2";
				TEST_TARGET_NAME = ImageFeed;
			};
			name = Debug;
		};
		2CC33CE92BB596A4001A12D0 /* Release */ = {
			isa = XCBuildConfiguration;
			buildSettings = {
				ALWAYS_EMBED_SWIFT_STANDARD_LIBRARIES = YES;
				CODE_SIGN_STYLE = Automatic;
				CURRENT_PROJECT_VERSION = 1;
				DEVELOPMENT_TEAM = N374TQ32QB;
				GENERATE_INFOPLIST_FILE = YES;
				MARKETING_VERSION = 1.0;
				PRODUCT_BUNDLE_IDENTIFIER = ru.ivan530i.ImageFeedUITests;
				PRODUCT_NAME = "$(TARGET_NAME)";
				SWIFT_EMIT_LOC_STRINGS = NO;
				SWIFT_VERSION = 5.0;
				TARGETED_DEVICE_FAMILY = "1,2";
				TEST_TARGET_NAME = ImageFeed;
			};
			name = Release;
		};
/* End XCBuildConfiguration section */

/* Begin XCConfigurationList section */
		2CC33CB22BB596A1001A12D0 /* Build configuration list for PBXProject "ImageFeed" */ = {
			isa = XCConfigurationList;
			buildConfigurations = (
				2CC33CDF2BB596A4001A12D0 /* Debug */,
				2CC33CE02BB596A4001A12D0 /* Release */,
			);
			defaultConfigurationIsVisible = 0;
			defaultConfigurationName = Release;
		};
		2CC33CE12BB596A4001A12D0 /* Build configuration list for PBXNativeTarget "ImageFeed" */ = {
			isa = XCConfigurationList;
			buildConfigurations = (
				2CC33CE22BB596A4001A12D0 /* Debug */,
				2CC33CE32BB596A4001A12D0 /* Release */,
			);
			defaultConfigurationIsVisible = 0;
			defaultConfigurationName = Release;
		};
		2CC33CE42BB596A4001A12D0 /* Build configuration list for PBXNativeTarget "ImageFeedTests" */ = {
			isa = XCConfigurationList;
			buildConfigurations = (
				2CC33CE52BB596A4001A12D0 /* Debug */,
				2CC33CE62BB596A4001A12D0 /* Release */,
			);
			defaultConfigurationIsVisible = 0;
			defaultConfigurationName = Release;
		};
		2CC33CE72BB596A4001A12D0 /* Build configuration list for PBXNativeTarget "ImageFeedUITests" */ = {
			isa = XCConfigurationList;
			buildConfigurations = (
				2CC33CE82BB596A4001A12D0 /* Debug */,
				2CC33CE92BB596A4001A12D0 /* Release */,
			);
			defaultConfigurationIsVisible = 0;
			defaultConfigurationName = Release;
		};
/* End XCConfigurationList section */

/* Begin XCRemoteSwiftPackageReference section */
		2C24DCE42BFB749100A935B1 /* XCRemoteSwiftPackageReference "Kingfisher" */ = {
			isa = XCRemoteSwiftPackageReference;
			repositoryURL = "https://github.com/onevcat/Kingfisher.git";
			requirement = {
				kind = exactVersion;
				version = 7.11.0;
			};
		};
		2C7A79832BEF3D150068971B /* XCRemoteSwiftPackageReference "ProgressHUD" */ = {
			isa = XCRemoteSwiftPackageReference;
			repositoryURL = "https://github.com/relatedcode/ProgressHUD";
			requirement = {
				kind = exactVersion;
				version = 13.6.1;
			};
		};
		2CAF79932BFC98ED00044999 /* XCRemoteSwiftPackageReference "SwiftKeychainWrapper" */ = {
			isa = XCRemoteSwiftPackageReference;
			repositoryURL = "https://github.com/jrendel/SwiftKeychainWrapper";
			requirement = {
				kind = exactVersion;
				version = 4.0.1;
			};
		};
/* End XCRemoteSwiftPackageReference section */

/* Begin XCSwiftPackageProductDependency section */
		2C24DCE52BFB749100A935B1 /* Kingfisher */ = {
			isa = XCSwiftPackageProductDependency;
			package = 2C24DCE42BFB749100A935B1 /* XCRemoteSwiftPackageReference "Kingfisher" */;
			productName = Kingfisher;
		};
		2C7A79842BEF3D150068971B /* ProgressHUD */ = {
			isa = XCSwiftPackageProductDependency;
			package = 2C7A79832BEF3D150068971B /* XCRemoteSwiftPackageReference "ProgressHUD" */;
			productName = ProgressHUD;
		};
		2CAF79942BFC98ED00044999 /* SwiftKeychainWrapper */ = {
			isa = XCSwiftPackageProductDependency;
			package = 2CAF79932BFC98ED00044999 /* XCRemoteSwiftPackageReference "SwiftKeychainWrapper" */;
			productName = SwiftKeychainWrapper;
		};
/* End XCSwiftPackageProductDependency section */
	};
	rootObject = 2CC33CAF2BB596A1001A12D0 /* Project object */;
}
